// !$*UTF8*$!
{
	archiveVersion = 1;
	classes = {
	};
	objectVersion = 56;
	objects = {

/* Begin PBXBuildFile section */
		2F73321C29FFD47C00D9EA80 /* HomeView.swift in Sources */ = {isa = PBXBuildFile; fileRef = 2F73321B29FFD47C00D9EA80 /* HomeView.swift */; };
		2F73321E29FFDC3400D9EA80 /* AsyncImageView.swift in Sources */ = {isa = PBXBuildFile; fileRef = 2F73321D29FFDC3400D9EA80 /* AsyncImageView.swift */; };
		2F89E76529FD21AE00545DC5 /* Theme.swift in Sources */ = {isa = PBXBuildFile; fileRef = 2F89E76429FD21AE00545DC5 /* Theme.swift */; };
		2F89E76929FD271200545DC5 /* PlaceholderItemView.swift in Sources */ = {isa = PBXBuildFile; fileRef = 2F89E76829FD271200545DC5 /* PlaceholderItemView.swift */; };
		2F89E76B29FD299100545DC5 /* topheadlinesusa.json in Resources */ = {isa = PBXBuildFile; fileRef = 2F89E76A29FD299100545DC5 /* topheadlinesusa.json */; };
		2F89E76D29FD2C8100545DC5 /* TopHeadLinesView.swift in Sources */ = {isa = PBXBuildFile; fileRef = 2F89E76C29FD2C8100545DC5 /* TopHeadLinesView.swift */; };
		2F89E76F29FD2E8E00545DC5 /* CategoryListRoulette.swift in Sources */ = {isa = PBXBuildFile; fileRef = 2F89E76E29FD2E8E00545DC5 /* CategoryListRoulette.swift */; };
		2F89E77129FD397700545DC5 /* NewsListRowView.swift in Sources */ = {isa = PBXBuildFile; fileRef = 2F89E77029FD397700545DC5 /* NewsListRowView.swift */; };
		2F89E77329FD3B2400545DC5 /* Bundle+Extension.swift in Sources */ = {isa = PBXBuildFile; fileRef = 2F89E77229FD3B2400545DC5 /* Bundle+Extension.swift */; };
		2F89E77529FD3B5800545DC5 /* ArticleWebView.swift in Sources */ = {isa = PBXBuildFile; fileRef = 2F89E77429FD3B5800545DC5 /* ArticleWebView.swift */; };
		2F89E77929FD5B7C00545DC5 /* MockService.swift in Sources */ = {isa = PBXBuildFile; fileRef = 2F89E77829FD5B7C00545DC5 /* MockService.swift */; };
		2F89E77B29FD5C1300545DC5 /* TopHeadlineResults.swift in Sources */ = {isa = PBXBuildFile; fileRef = 2F89E77A29FD5C1300545DC5 /* TopHeadlineResults.swift */; };
		2F89E77D29FD621700545DC5 /* Date+Extension.swift in Sources */ = {isa = PBXBuildFile; fileRef = 2F89E77C29FD621700545DC5 /* Date+Extension.swift */; };
		2F89E77F29FD666400545DC5 /* TopHeadlinesViewModel.swift in Sources */ = {isa = PBXBuildFile; fileRef = 2F89E77E29FD666400545DC5 /* TopHeadlinesViewModel.swift */; };
		2F89E78129FD710E00545DC5 /* NewsListView.swift in Sources */ = {isa = PBXBuildFile; fileRef = 2F89E78029FD710E00545DC5 /* NewsListView.swift */; };
		2FAA6B8A29FD1A65004DE60A /* NewsApp.swift in Sources */ = {isa = PBXBuildFile; fileRef = 2FAA6B8929FD1A65004DE60A /* NewsApp.swift */; };
		2FAA6B8C29FD1A65004DE60A /* MainView.swift in Sources */ = {isa = PBXBuildFile; fileRef = 2FAA6B8B29FD1A65004DE60A /* MainView.swift */; };
		2FAA6B8E29FD1A66004DE60A /* Assets.xcassets in Resources */ = {isa = PBXBuildFile; fileRef = 2FAA6B8D29FD1A66004DE60A /* Assets.xcassets */; };
		2FAA6B9129FD1A66004DE60A /* Preview Assets.xcassets in Resources */ = {isa = PBXBuildFile; fileRef = 2FAA6B9029FD1A66004DE60A /* Preview Assets.xcassets */; };
		2FB4BF4729FE72CE00FF4FDD /* Categories.swift in Sources */ = {isa = PBXBuildFile; fileRef = 2FB4BF4629FE72CE00FF4FDD /* Categories.swift */; };
/* End PBXBuildFile section */

/* Begin PBXFileReference section */
		2F73321B29FFD47C00D9EA80 /* HomeView.swift */ = {isa = PBXFileReference; lastKnownFileType = sourcecode.swift; path = HomeView.swift; sourceTree = "<group>"; };
		2F73321D29FFDC3400D9EA80 /* AsyncImageView.swift */ = {isa = PBXFileReference; lastKnownFileType = sourcecode.swift; path = AsyncImageView.swift; sourceTree = "<group>"; };
		2F89E76429FD21AE00545DC5 /* Theme.swift */ = {isa = PBXFileReference; lastKnownFileType = sourcecode.swift; path = Theme.swift; sourceTree = "<group>"; };
		2F89E76829FD271200545DC5 /* PlaceholderItemView.swift */ = {isa = PBXFileReference; lastKnownFileType = sourcecode.swift; path = PlaceholderItemView.swift; sourceTree = "<group>"; };
		2F89E76A29FD299100545DC5 /* topheadlinesusa.json */ = {isa = PBXFileReference; fileEncoding = 4; lastKnownFileType = text.json; path = topheadlinesusa.json; sourceTree = "<group>"; };
		2F89E76C29FD2C8100545DC5 /* TopHeadLinesView.swift */ = {isa = PBXFileReference; lastKnownFileType = sourcecode.swift; path = TopHeadLinesView.swift; sourceTree = "<group>"; };
		2F89E76E29FD2E8E00545DC5 /* CategoryListRoulette.swift */ = {isa = PBXFileReference; lastKnownFileType = sourcecode.swift; path = CategoryListRoulette.swift; sourceTree = "<group>"; };
		2F89E77029FD397700545DC5 /* NewsListRowView.swift */ = {isa = PBXFileReference; lastKnownFileType = sourcecode.swift; path = NewsListRowView.swift; sourceTree = "<group>"; };
		2F89E77229FD3B2400545DC5 /* Bundle+Extension.swift */ = {isa = PBXFileReference; fileEncoding = 4; lastKnownFileType = sourcecode.swift; path = "Bundle+Extension.swift"; sourceTree = "<group>"; };
		2F89E77429FD3B5800545DC5 /* ArticleWebView.swift */ = {isa = PBXFileReference; fileEncoding = 4; lastKnownFileType = sourcecode.swift; path = ArticleWebView.swift; sourceTree = "<group>"; };
		2F89E77829FD5B7C00545DC5 /* MockService.swift */ = {isa = PBXFileReference; fileEncoding = 4; lastKnownFileType = sourcecode.swift; path = MockService.swift; sourceTree = "<group>"; };
		2F89E77A29FD5C1300545DC5 /* TopHeadlineResults.swift */ = {isa = PBXFileReference; fileEncoding = 4; lastKnownFileType = sourcecode.swift; path = TopHeadlineResults.swift; sourceTree = "<group>"; };
		2F89E77C29FD621700545DC5 /* Date+Extension.swift */ = {isa = PBXFileReference; lastKnownFileType = sourcecode.swift; path = "Date+Extension.swift"; sourceTree = "<group>"; };
		2F89E77E29FD666400545DC5 /* TopHeadlinesViewModel.swift */ = {isa = PBXFileReference; lastKnownFileType = sourcecode.swift; path = TopHeadlinesViewModel.swift; sourceTree = "<group>"; };
		2F89E78029FD710E00545DC5 /* NewsListView.swift */ = {isa = PBXFileReference; lastKnownFileType = sourcecode.swift; path = NewsListView.swift; sourceTree = "<group>"; };
		2FAA6B8629FD1A65004DE60A /* News.app */ = {isa = PBXFileReference; explicitFileType = wrapper.application; includeInIndex = 0; path = News.app; sourceTree = BUILT_PRODUCTS_DIR; };
		2FAA6B8929FD1A65004DE60A /* NewsApp.swift */ = {isa = PBXFileReference; lastKnownFileType = sourcecode.swift; path = NewsApp.swift; sourceTree = "<group>"; };
		2FAA6B8B29FD1A65004DE60A /* MainView.swift */ = {isa = PBXFileReference; lastKnownFileType = sourcecode.swift; path = MainView.swift; sourceTree = "<group>"; };
		2FAA6B8D29FD1A66004DE60A /* Assets.xcassets */ = {isa = PBXFileReference; lastKnownFileType = folder.assetcatalog; path = Assets.xcassets; sourceTree = "<group>"; };
		2FAA6B9029FD1A66004DE60A /* Preview Assets.xcassets */ = {isa = PBXFileReference; lastKnownFileType = folder.assetcatalog; path = "Preview Assets.xcassets"; sourceTree = "<group>"; };
		2FB4BF4629FE72CE00FF4FDD /* Categories.swift */ = {isa = PBXFileReference; lastKnownFileType = sourcecode.swift; path = Categories.swift; sourceTree = "<group>"; };
/* End PBXFileReference section */

/* Begin PBXFrameworksBuildPhase section */
		2FAA6B8329FD1A65004DE60A /* Frameworks */ = {
			isa = PBXFrameworksBuildPhase;
			buildActionMask = 2147483647;
			files = (
			);
			runOnlyForDeploymentPostprocessing = 0;
		};
/* End PBXFrameworksBuildPhase section */

/* Begin PBXGroup section */
		2F89E75D29FD1C7300545DC5 /* Views */ = {
			isa = PBXGroup;
			children = (
				2F89E76729FD260800545DC5 /* Components */,
				2F89E76629FD25FA00545DC5 /* Screens */,
			);
			path = Views;
			sourceTree = "<group>";
		};
		2F89E75E29FD1C8800545DC5 /* Assets+Preview */ = {
			isa = PBXGroup;
			children = (
				2F89E76329FD217900545DC5 /* Themes */,
				2FAA6B8F29FD1A66004DE60A /* Preview Content */,
				2FAA6B8D29FD1A66004DE60A /* Assets.xcassets */,
			);
			name = "Assets+Preview";
			sourceTree = "<group>";
		};
		2F89E75F29FD1CE700545DC5 /* ViewModels */ = {
			isa = PBXGroup;
			children = (
				2F89E77E29FD666400545DC5 /* TopHeadlinesViewModel.swift */,
			);
			path = ViewModels;
			sourceTree = "<group>";
		};
		2F89E76029FD1CF500545DC5 /* Models */ = {
			isa = PBXGroup;
			children = (
				2F89E77A29FD5C1300545DC5 /* TopHeadlineResults.swift */,
				2F89E76A29FD299100545DC5 /* topheadlinesusa.json */,
				2FB4BF4629FE72CE00FF4FDD /* Categories.swift */,
			);
			path = Models;
			sourceTree = "<group>";
		};
		2F89E76129FD1D0300545DC5 /* Services */ = {
			isa = PBXGroup;
			children = (
				2F89E77829FD5B7C00545DC5 /* MockService.swift */,
			);
			path = Services;
			sourceTree = "<group>";
		};
		2F89E76229FD1D1500545DC5 /* Utils */ = {
			isa = PBXGroup;
			children = (
				2F89E77229FD3B2400545DC5 /* Bundle+Extension.swift */,
				2F89E77C29FD621700545DC5 /* Date+Extension.swift */,
			);
			path = Utils;
			sourceTree = "<group>";
		};
		2F89E76329FD217900545DC5 /* Themes */ = {
			isa = PBXGroup;
			children = (
				2F89E76429FD21AE00545DC5 /* Theme.swift */,
			);
			name = Themes;
			sourceTree = "<group>";
		};
		2F89E76629FD25FA00545DC5 /* Screens */ = {
			isa = PBXGroup;
			children = (
				2FAA6B8B29FD1A65004DE60A /* MainView.swift */,
				2F89E76C29FD2C8100545DC5 /* TopHeadLinesView.swift */,
				2F73321B29FFD47C00D9EA80 /* HomeView.swift */,
			);
			path = Screens;
			sourceTree = "<group>";
		};
		2F89E76729FD260800545DC5 /* Components */ = {
			isa = PBXGroup;
			children = (
				2F89E77429FD3B5800545DC5 /* ArticleWebView.swift */,
				2F89E76829FD271200545DC5 /* PlaceholderItemView.swift */,
				2F89E76E29FD2E8E00545DC5 /* CategoryListRoulette.swift */,
				2F89E77029FD397700545DC5 /* NewsListRowView.swift */,
				2F89E78029FD710E00545DC5 /* NewsListView.swift */,
				2F73321D29FFDC3400D9EA80 /* AsyncImageView.swift */,
			);
			path = Components;
			sourceTree = "<group>";
		};
		2FAA6B7D29FD1A65004DE60A = {
			isa = PBXGroup;
			children = (
				2FAA6B8829FD1A65004DE60A /* News */,
				2FAA6B8729FD1A65004DE60A /* Products */,
			);
			sourceTree = "<group>";
		};
		2FAA6B8729FD1A65004DE60A /* Products */ = {
			isa = PBXGroup;
			children = (
				2FAA6B8629FD1A65004DE60A /* News.app */,
			);
			name = Products;
			sourceTree = "<group>";
		};
		2FAA6B8829FD1A65004DE60A /* News */ = {
			isa = PBXGroup;
			children = (
				2F89E76229FD1D1500545DC5 /* Utils */,
				2F89E76129FD1D0300545DC5 /* Services */,
				2F89E76029FD1CF500545DC5 /* Models */,
				2F89E75F29FD1CE700545DC5 /* ViewModels */,
				2F89E75E29FD1C8800545DC5 /* Assets+Preview */,
				2F89E75D29FD1C7300545DC5 /* Views */,
				2FAA6B8929FD1A65004DE60A /* NewsApp.swift */,
			);
			path = News;
			sourceTree = "<group>";
		};
		2FAA6B8F29FD1A66004DE60A /* Preview Content */ = {
			isa = PBXGroup;
			children = (
				2FAA6B9029FD1A66004DE60A /* Preview Assets.xcassets */,
			);
			path = "Preview Content";
			sourceTree = "<group>";
		};
/* End PBXGroup section */

/* Begin PBXNativeTarget section */
		2FAA6B8529FD1A65004DE60A /* News */ = {
			isa = PBXNativeTarget;
			buildConfigurationList = 2FAA6B9429FD1A66004DE60A /* Build configuration list for PBXNativeTarget "News" */;
			buildPhases = (
				2FAA6B8229FD1A65004DE60A /* Sources */,
				2FAA6B8329FD1A65004DE60A /* Frameworks */,
				2FAA6B8429FD1A65004DE60A /* Resources */,
			);
			buildRules = (
			);
			dependencies = (
			);
			name = News;
			productName = News;
			productReference = 2FAA6B8629FD1A65004DE60A /* News.app */;
			productType = "com.apple.product-type.application";
		};
/* End PBXNativeTarget section */

/* Begin PBXProject section */
		2FAA6B7E29FD1A65004DE60A /* Project object */ = {
			isa = PBXProject;
			attributes = {
				BuildIndependentTargetsInParallel = 1;
				LastSwiftUpdateCheck = 1430;
				LastUpgradeCheck = 1430;
				TargetAttributes = {
					2FAA6B8529FD1A65004DE60A = {
						CreatedOnToolsVersion = 14.3;
					};
				};
			};
			buildConfigurationList = 2FAA6B8129FD1A65004DE60A /* Build configuration list for PBXProject "News" */;
			compatibilityVersion = "Xcode 14.0";
			developmentRegion = en;
			hasScannedForEncodings = 0;
			knownRegions = (
				en,
				Base,
			);
			mainGroup = 2FAA6B7D29FD1A65004DE60A;
			productRefGroup = 2FAA6B8729FD1A65004DE60A /* Products */;
			projectDirPath = "";
			projectRoot = "";
			targets = (
				2FAA6B8529FD1A65004DE60A /* News */,
			);
		};
/* End PBXProject section */

/* Begin PBXResourcesBuildPhase section */
		2FAA6B8429FD1A65004DE60A /* Resources */ = {
			isa = PBXResourcesBuildPhase;
			buildActionMask = 2147483647;
			files = (
				2FAA6B9129FD1A66004DE60A /* Preview Assets.xcassets in Resources */,
				2F89E76B29FD299100545DC5 /* topheadlinesusa.json in Resources */,
				2FAA6B8E29FD1A66004DE60A /* Assets.xcassets in Resources */,
			);
			runOnlyForDeploymentPostprocessing = 0;
		};
/* End PBXResourcesBuildPhase section */

/* Begin PBXSourcesBuildPhase section */
		2FAA6B8229FD1A65004DE60A /* Sources */ = {
			isa = PBXSourcesBuildPhase;
			buildActionMask = 2147483647;
			files = (
				2F89E76D29FD2C8100545DC5 /* TopHeadLinesView.swift in Sources */,
				2F89E77B29FD5C1300545DC5 /* TopHeadlineResults.swift in Sources */,
				2FB4BF4729FE72CE00FF4FDD /* Categories.swift in Sources */,
				2F89E77929FD5B7C00545DC5 /* MockService.swift in Sources */,
				2F89E78129FD710E00545DC5 /* NewsListView.swift in Sources */,
				2F89E76529FD21AE00545DC5 /* Theme.swift in Sources */,
				2F89E77529FD3B5800545DC5 /* ArticleWebView.swift in Sources */,
				2F89E77D29FD621700545DC5 /* Date+Extension.swift in Sources */,
				2F89E76929FD271200545DC5 /* PlaceholderItemView.swift in Sources */,
				2F89E77F29FD666400545DC5 /* TopHeadlinesViewModel.swift in Sources */,
				2F89E77329FD3B2400545DC5 /* Bundle+Extension.swift in Sources */,
				2FAA6B8C29FD1A65004DE60A /* MainView.swift in Sources */,
				2FAA6B8A29FD1A65004DE60A /* NewsApp.swift in Sources */,
				2F73321E29FFDC3400D9EA80 /* AsyncImageView.swift in Sources */,
				2F73321C29FFD47C00D9EA80 /* HomeView.swift in Sources */,
				2F89E77129FD397700545DC5 /* NewsListRowView.swift in Sources */,
				2F89E76F29FD2E8E00545DC5 /* CategoryListRoulette.swift in Sources */,
			);
			runOnlyForDeploymentPostprocessing = 0;
		};
/* End PBXSourcesBuildPhase section */

/* Begin XCBuildConfiguration section */
		2FAA6B9229FD1A66004DE60A /* Debug */ = {
			isa = XCBuildConfiguration;
			buildSettings = {
				ALWAYS_SEARCH_USER_PATHS = NO;
				CLANG_ANALYZER_NONNULL = YES;
				CLANG_ANALYZER_NUMBER_OBJECT_CONVERSION = YES_AGGRESSIVE;
				CLANG_CXX_LANGUAGE_STANDARD = "gnu++20";
				CLANG_ENABLE_MODULES = YES;
				CLANG_ENABLE_OBJC_ARC = YES;
				CLANG_ENABLE_OBJC_WEAK = YES;
				CLANG_WARN_BLOCK_CAPTURE_AUTORELEASING = YES;
				CLANG_WARN_BOOL_CONVERSION = YES;
				CLANG_WARN_COMMA = YES;
				CLANG_WARN_CONSTANT_CONVERSION = YES;
				CLANG_WARN_DEPRECATED_OBJC_IMPLEMENTATIONS = YES;
				CLANG_WARN_DIRECT_OBJC_ISA_USAGE = YES_ERROR;
				CLANG_WARN_DOCUMENTATION_COMMENTS = YES;
				CLANG_WARN_EMPTY_BODY = YES;
				CLANG_WARN_ENUM_CONVERSION = YES;
				CLANG_WARN_INFINITE_RECURSION = YES;
				CLANG_WARN_INT_CONVERSION = YES;
				CLANG_WARN_NON_LITERAL_NULL_CONVERSION = YES;
				CLANG_WARN_OBJC_IMPLICIT_RETAIN_SELF = YES;
				CLANG_WARN_OBJC_LITERAL_CONVERSION = YES;
				CLANG_WARN_OBJC_ROOT_CLASS = YES_ERROR;
				CLANG_WARN_QUOTED_INCLUDE_IN_FRAMEWORK_HEADER = YES;
				CLANG_WARN_RANGE_LOOP_ANALYSIS = YES;
				CLANG_WARN_STRICT_PROTOTYPES = YES;
				CLANG_WARN_SUSPICIOUS_MOVE = YES;
				CLANG_WARN_UNGUARDED_AVAILABILITY = YES_AGGRESSIVE;
				CLANG_WARN_UNREACHABLE_CODE = YES;
				CLANG_WARN__DUPLICATE_METHOD_MATCH = YES;
				COPY_PHASE_STRIP = NO;
				DEBUG_INFORMATION_FORMAT = dwarf;
				ENABLE_STRICT_OBJC_MSGSEND = YES;
				ENABLE_TESTABILITY = YES;
				GCC_C_LANGUAGE_STANDARD = gnu11;
				GCC_DYNAMIC_NO_PIC = NO;
				GCC_NO_COMMON_BLOCKS = YES;
				GCC_OPTIMIZATION_LEVEL = 0;
				GCC_PREPROCESSOR_DEFINITIONS = (
					"DEBUG=1",
					"$(inherited)",
				);
				GCC_WARN_64_TO_32_BIT_CONVERSION = YES;
				GCC_WARN_ABOUT_RETURN_TYPE = YES_ERROR;
				GCC_WARN_UNDECLARED_SELECTOR = YES;
				GCC_WARN_UNINITIALIZED_AUTOS = YES_AGGRESSIVE;
				GCC_WARN_UNUSED_FUNCTION = YES;
				GCC_WARN_UNUSED_VARIABLE = YES;
				IPHONEOS_DEPLOYMENT_TARGET = 16.4;
				MTL_ENABLE_DEBUG_INFO = INCLUDE_SOURCE;
				MTL_FAST_MATH = YES;
				ONLY_ACTIVE_ARCH = YES;
				SDKROOT = iphoneos;
				SWIFT_ACTIVE_COMPILATION_CONDITIONS = DEBUG;
				SWIFT_OPTIMIZATION_LEVEL = "-Onone";
			};
			name = Debug;
		};
		2FAA6B9329FD1A66004DE60A /* Release */ = {
			isa = XCBuildConfiguration;
			buildSettings = {
				ALWAYS_SEARCH_USER_PATHS = NO;
				CLANG_ANALYZER_NONNULL = YES;
				CLANG_ANALYZER_NUMBER_OBJECT_CONVERSION = YES_AGGRESSIVE;
				CLANG_CXX_LANGUAGE_STANDARD = "gnu++20";
				CLANG_ENABLE_MODULES = YES;
				CLANG_ENABLE_OBJC_ARC = YES;
				CLANG_ENABLE_OBJC_WEAK = YES;
				CLANG_WARN_BLOCK_CAPTURE_AUTORELEASING = YES;
				CLANG_WARN_BOOL_CONVERSION = YES;
				CLANG_WARN_COMMA = YES;
				CLANG_WARN_CONSTANT_CONVERSION = YES;
				CLANG_WARN_DEPRECATED_OBJC_IMPLEMENTATIONS = YES;
				CLANG_WARN_DIRECT_OBJC_ISA_USAGE = YES_ERROR;
				CLANG_WARN_DOCUMENTATION_COMMENTS = YES;
				CLANG_WARN_EMPTY_BODY = YES;
				CLANG_WARN_ENUM_CONVERSION = YES;
				CLANG_WARN_INFINITE_RECURSION = YES;
				CLANG_WARN_INT_CONVERSION = YES;
				CLANG_WARN_NON_LITERAL_NULL_CONVERSION = YES;
				CLANG_WARN_OBJC_IMPLICIT_RETAIN_SELF = YES;
				CLANG_WARN_OBJC_LITERAL_CONVERSION = YES;
				CLANG_WARN_OBJC_ROOT_CLASS = YES_ERROR;
				CLANG_WARN_QUOTED_INCLUDE_IN_FRAMEWORK_HEADER = YES;
				CLANG_WARN_RANGE_LOOP_ANALYSIS = YES;
				CLANG_WARN_STRICT_PROTOTYPES = YES;
				CLANG_WARN_SUSPICIOUS_MOVE = YES;
				CLANG_WARN_UNGUARDED_AVAILABILITY = YES_AGGRESSIVE;
				CLANG_WARN_UNREACHABLE_CODE = YES;
				CLANG_WARN__DUPLICATE_METHOD_MATCH = YES;
				COPY_PHASE_STRIP = NO;
				DEBUG_INFORMATION_FORMAT = "dwarf-with-dsym";
				ENABLE_NS_ASSERTIONS = NO;
				ENABLE_STRICT_OBJC_MSGSEND = YES;
				GCC_C_LANGUAGE_STANDARD = gnu11;
				GCC_NO_COMMON_BLOCKS = YES;
				GCC_WARN_64_TO_32_BIT_CONVERSION = YES;
				GCC_WARN_ABOUT_RETURN_TYPE = YES_ERROR;
				GCC_WARN_UNDECLARED_SELECTOR = YES;
				GCC_WARN_UNINITIALIZED_AUTOS = YES_AGGRESSIVE;
				GCC_WARN_UNUSED_FUNCTION = YES;
				GCC_WARN_UNUSED_VARIABLE = YES;
				IPHONEOS_DEPLOYMENT_TARGET = 16.4;
				MTL_ENABLE_DEBUG_INFO = NO;
				MTL_FAST_MATH = YES;
				SDKROOT = iphoneos;
				SWIFT_COMPILATION_MODE = wholemodule;
				SWIFT_OPTIMIZATION_LEVEL = "-O";
				VALIDATE_PRODUCT = YES;
			};
			name = Release;
		};
		2FAA6B9529FD1A66004DE60A /* Debug */ = {
			isa = XCBuildConfiguration;
			buildSettings = {
				ASSETCATALOG_COMPILER_APPICON_NAME = AppIcon;
				ASSETCATALOG_COMPILER_GLOBAL_ACCENT_COLOR_NAME = AccentColor;
				CODE_SIGN_STYLE = Automatic;
				CURRENT_PROJECT_VERSION = 1;
				DEVELOPMENT_ASSET_PATHS = "\"News/Preview Content\"";
				DEVELOPMENT_TEAM = MJ4M4XMHNY;
				ENABLE_PREVIEWS = YES;
				GENERATE_INFOPLIST_FILE = YES;
				INFOPLIST_KEY_LSApplicationCategoryType = "public.app-category.news";
				INFOPLIST_KEY_UIApplicationSceneManifest_Generation = YES;
				INFOPLIST_KEY_UIApplicationSupportsIndirectInputEvents = YES;
				INFOPLIST_KEY_UILaunchScreen_Generation = YES;
				INFOPLIST_KEY_UISupportedInterfaceOrientations_iPad = "UIInterfaceOrientationPortrait UIInterfaceOrientationPortraitUpsideDown UIInterfaceOrientationLandscapeLeft UIInterfaceOrientationLandscapeRight";
				INFOPLIST_KEY_UISupportedInterfaceOrientations_iPhone = "UIInterfaceOrientationPortrait UIInterfaceOrientationLandscapeLeft UIInterfaceOrientationLandscapeRight";
				LD_RUNPATH_SEARCH_PATHS = (
					"$(inherited)",
					"@executable_path/Frameworks",
				);
				MARKETING_VERSION = 1.0;
				PRODUCT_BUNDLE_IDENTIFIER = com.gmail.kortes39dev.News;
				PRODUCT_NAME = "$(TARGET_NAME)";
				SWIFT_EMIT_LOC_STRINGS = YES;
				SWIFT_VERSION = 5.0;
				TARGETED_DEVICE_FAMILY = "1,2";
			};
			name = Debug;
		};
		2FAA6B9629FD1A66004DE60A /* Release */ = {
			isa = XCBuildConfiguration;
			buildSettings = {
				ASSETCATALOG_COMPILER_APPICON_NAME = AppIcon;
				ASSETCATALOG_COMPILER_GLOBAL_ACCENT_COLOR_NAME = AccentColor;
				CODE_SIGN_STYLE = Automatic;
				CURRENT_PROJECT_VERSION = 1;
				DEVELOPMENT_ASSET_PATHS = "\"News/Preview Content\"";
				DEVELOPMENT_TEAM = MJ4M4XMHNY;
				ENABLE_PREVIEWS = YES;
				GENERATE_INFOPLIST_FILE = YES;
				INFOPLIST_KEY_LSApplicationCategoryType = "public.app-category.news";
				INFOPLIST_KEY_UIApplicationSceneManifest_Generation = YES;
				INFOPLIST_KEY_UIApplicationSupportsIndirectInputEvents = YES;
				INFOPLIST_KEY_UILaunchScreen_Generation = YES;
				INFOPLIST_KEY_UISupportedInterfaceOrientations_iPad = "UIInterfaceOrientationPortrait UIInterfaceOrientationPortraitUpsideDown UIInterfaceOrientationLandscapeLeft UIInterfaceOrientationLandscapeRight";
				INFOPLIST_KEY_UISupportedInterfaceOrientations_iPhone = "UIInterfaceOrientationPortrait UIInterfaceOrientationLandscapeLeft UIInterfaceOrientationLandscapeRight";
				LD_RUNPATH_SEARCH_PATHS = (
					"$(inherited)",
					"@executable_path/Frameworks",
				);
				MARKETING_VERSION = 1.0;
				PRODUCT_BUNDLE_IDENTIFIER = com.gmail.kortes39dev.News;
				PRODUCT_NAME = "$(TARGET_NAME)";
				SWIFT_EMIT_LOC_STRINGS = YES;
				SWIFT_VERSION = 5.0;
				TARGETED_DEVICE_FAMILY = "1,2";
			};
			name = Release;
		};
/* End XCBuildConfiguration section */

/* Begin XCConfigurationList section */
		2FAA6B8129FD1A65004DE60A /* Build configuration list for PBXProject "News" */ = {
			isa = XCConfigurationList;
			buildConfigurations = (
				2FAA6B9229FD1A66004DE60A /* Debug */,
				2FAA6B9329FD1A66004DE60A /* Release */,
			);
			defaultConfigurationIsVisible = 0;
			defaultConfigurationName = Release;
		};
		2FAA6B9429FD1A66004DE60A /* Build configuration list for PBXNativeTarget "News" */ = {
			isa = XCConfigurationList;
			buildConfigurations = (
				2FAA6B9529FD1A66004DE60A /* Debug */,
				2FAA6B9629FD1A66004DE60A /* Release */,
			);
			defaultConfigurationIsVisible = 0;
			defaultConfigurationName = Release;
		};
/* End XCConfigurationList section */
	};
	rootObject = 2FAA6B7E29FD1A65004DE60A /* Project object */;
}
